// !$*UTF8*$!
{
	archiveVersion = 1;
	classes = {
	};
	objectVersion = 50;
	objects = {

/* Begin PBXBuildFile section */
		07292B3521F0BC7B006F0369 /* AsyncCall.swift in Sources */ = {isa = PBXBuildFile; fileRef = 07292B3421F0BC7B006F0369 /* AsyncCall.swift */; };
		07292B3721F0D0F3006F0369 /* SupportsLoading.swift in Sources */ = {isa = PBXBuildFile; fileRef = 07292B3621F0D0F3006F0369 /* SupportsLoading.swift */; };
		07292B3921F0DB0D006F0369 /* RxSchedulers.swift in Sources */ = {isa = PBXBuildFile; fileRef = 07292B3821F0DB0D006F0369 /* RxSchedulers.swift */; };
		07346E6221E8F69B005DCF06 /* OtherStoryboard.storyboard in Resources */ = {isa = PBXBuildFile; fileRef = 07346E6121E8F69B005DCF06 /* OtherStoryboard.storyboard */; };
		07346E6821E8F875005DCF06 /* FourthViewController.swift in Sources */ = {isa = PBXBuildFile; fileRef = 07346E6621E8F80E005DCF06 /* FourthViewController.swift */; };
		07346E6A21E8F995005DCF06 /* FourthViewModel.swift in Sources */ = {isa = PBXBuildFile; fileRef = 07346E6921E8F995005DCF06 /* FourthViewModel.swift */; };
		07346E6C21E8FB64005DCF06 /* FourthCoordinator.swift in Sources */ = {isa = PBXBuildFile; fileRef = 07346E6B21E8FB64005DCF06 /* FourthCoordinator.swift */; };
		0746DC7C21C7E8420052487F /* UIStoryBoardSegueExt.swift in Sources */ = {isa = PBXBuildFile; fileRef = 0746DC7B21C7E8420052487F /* UIStoryBoardSegueExt.swift */; };
		07774E4C21E88C6800CEE0F2 /* FormContracts.swift in Sources */ = {isa = PBXBuildFile; fileRef = 07774E4B21E88C6800CEE0F2 /* FormContracts.swift */; };
		07774E4E21E88CEA00CEE0F2 /* NotEmptyValidationRule.swift in Sources */ = {isa = PBXBuildFile; fileRef = 07774E4D21E88CEA00CEE0F2 /* NotEmptyValidationRule.swift */; };
		07774E5021E88DD100CEE0F2 /* Form.swift in Sources */ = {isa = PBXBuildFile; fileRef = 07774E4F21E88DD100CEE0F2 /* Form.swift */; };
		07774E5221E88E1200CEE0F2 /* FormScreen.swift in Sources */ = {isa = PBXBuildFile; fileRef = 07774E5121E88E1200CEE0F2 /* FormScreen.swift */; };
		07774E5421E89ECB00CEE0F2 /* Keyboard.swift in Sources */ = {isa = PBXBuildFile; fileRef = 07774E5321E89ECB00CEE0F2 /* Keyboard.swift */; };
		07B9EA1B21C79F9600571897 /* Dependencies.swift in Sources */ = {isa = PBXBuildFile; fileRef = 80450CD321B3D9CF00611C65 /* Dependencies.swift */; };
		07B9EA1D21C7A15A00571897 /* Localizations.swift in Sources */ = {isa = PBXBuildFile; fileRef = 07B9EA1C21C7A15A00571897 /* Localizations.swift */; };
		07B9EA2A21C7A30000571897 /* Localizable.strings in Resources */ = {isa = PBXBuildFile; fileRef = 07B9EA2C21C7A30000571897 /* Localizable.strings */; };
		07E22EC121C78DF000D2884E /* StyledLabel.swift in Sources */ = {isa = PBXBuildFile; fileRef = 07E22EC021C78DF000D2884E /* StyledLabel.swift */; };
		07E22EC321C78E1000D2884E /* Styles.swift in Sources */ = {isa = PBXBuildFile; fileRef = 07E22EC221C78E1000D2884E /* Styles.swift */; };
		07E22EC621C78F3400D2884E /* StringConvertibleMembers.swift in Sources */ = {isa = PBXBuildFile; fileRef = 07E22EC521C78F3400D2884E /* StringConvertibleMembers.swift */; };
		07E22EC921C78FFA00D2884E /* Styles.swift in Sources */ = {isa = PBXBuildFile; fileRef = 07E22EC721C78FBE00D2884E /* Styles.swift */; };
		07E22ECD21C7938A00D2884E /* StyledButton.swift in Sources */ = {isa = PBXBuildFile; fileRef = 07E22ECC21C7938A00D2884E /* StyledButton.swift */; };
		80450CCC21B3CF5100611C65 /* FirstViewModel.swift in Sources */ = {isa = PBXBuildFile; fileRef = 80450CCB21B3CF5100611C65 /* FirstViewModel.swift */; };
		80450CD821B45E8000611C65 /* SecondViewController.swift in Sources */ = {isa = PBXBuildFile; fileRef = 80450CD721B45E8000611C65 /* SecondViewController.swift */; };
		806114B121BBB2630025A598 /* ThirdViewController.swift in Sources */ = {isa = PBXBuildFile; fileRef = 806114B021BBB2630025A598 /* ThirdViewController.swift */; };
		806114BC21BC783A0025A598 /* RxCocoa.framework in Frameworks */ = {isa = PBXBuildFile; fileRef = 806114BA21BC78390025A598 /* RxCocoa.framework */; };
		806114BD21BC783A0025A598 /* RxCocoa.framework in Embed Frameworks */ = {isa = PBXBuildFile; fileRef = 806114BA21BC78390025A598 /* RxCocoa.framework */; settings = {ATTRIBUTES = (CodeSignOnCopy, RemoveHeadersOnCopy, ); }; };
		806114BE21BC783A0025A598 /* RxSwift.framework in Frameworks */ = {isa = PBXBuildFile; fileRef = 806114BB21BC783A0025A598 /* RxSwift.framework */; };
		806114BF21BC783A0025A598 /* RxSwift.framework in Embed Frameworks */ = {isa = PBXBuildFile; fileRef = 806114BB21BC783A0025A598 /* RxSwift.framework */; settings = {ATTRIBUTES = (CodeSignOnCopy, RemoveHeadersOnCopy, ); }; };
		806114C421BC788B0025A598 /* RxCocoa.framework.dSYM in CopyFiles */ = {isa = PBXBuildFile; fileRef = 806114C221BC788A0025A598 /* RxCocoa.framework.dSYM */; };
		80B6A81421986270003E868C /* AppDelegate.swift in Sources */ = {isa = PBXBuildFile; fileRef = 80B6A81321986270003E868C /* AppDelegate.swift */; };
		80B6A81621986270003E868C /* FirstViewController.swift in Sources */ = {isa = PBXBuildFile; fileRef = 80B6A81521986270003E868C /* FirstViewController.swift */; };
		80B6A81921986270003E868C /* Main.storyboard in Resources */ = {isa = PBXBuildFile; fileRef = 80B6A81721986270003E868C /* Main.storyboard */; };
		80B6A81B21986275003E868C /* Assets.xcassets in Resources */ = {isa = PBXBuildFile; fileRef = 80B6A81A21986275003E868C /* Assets.xcassets */; };
		80B6A81E21986275003E868C /* LaunchScreen.storyboard in Resources */ = {isa = PBXBuildFile; fileRef = 80B6A81C21986275003E868C /* LaunchScreen.storyboard */; };
		80F8DB0921BD97FA0051900E /* FirstCoordinator.swift in Sources */ = {isa = PBXBuildFile; fileRef = 80F8DB0821BD97FA0051900E /* FirstCoordinator.swift */; };
		80F8DB0B21BD98600051900E /* Contracts.swift in Sources */ = {isa = PBXBuildFile; fileRef = 80F8DB0A21BD98600051900E /* Contracts.swift */; };
		80F8DB0D21BDA2720051900E /* SecondViewModel.swift in Sources */ = {isa = PBXBuildFile; fileRef = 80F8DB0C21BDA2720051900E /* SecondViewModel.swift */; };
		80F8DB0F21BDA2ED0051900E /* SecondCoordinator.swift in Sources */ = {isa = PBXBuildFile; fileRef = 80F8DB0E21BDA2ED0051900E /* SecondCoordinator.swift */; };
		80F8DB1421BDA3A90051900E /* ThirdViewModel.swift in Sources */ = {isa = PBXBuildFile; fileRef = 80F8DB1321BDA3A90051900E /* ThirdViewModel.swift */; };
		80F8DB1621BDA4580051900E /* ThirdCoordinator.swift in Sources */ = {isa = PBXBuildFile; fileRef = 80F8DB1521BDA4580051900E /* ThirdCoordinator.swift */; };
		80F8DB2021BDC1130051900E /* AppFoundation.h in Headers */ = {isa = PBXBuildFile; fileRef = 80F8DB1E21BDC1130051900E /* AppFoundation.h */; settings = {ATTRIBUTES = (Public, ); }; };
		80F8DB2321BDC1130051900E /* AppFoundation.framework in Frameworks */ = {isa = PBXBuildFile; fileRef = 80F8DB1C21BDC1130051900E /* AppFoundation.framework */; };
		80F8DB2421BDC1130051900E /* AppFoundation.framework in Embed Frameworks */ = {isa = PBXBuildFile; fileRef = 80F8DB1C21BDC1130051900E /* AppFoundation.framework */; settings = {ATTRIBUTES = (CodeSignOnCopy, RemoveHeadersOnCopy, ); }; };
		80F8DB2821BDC1510051900E /* Coordinator.swift in Sources */ = {isa = PBXBuildFile; fileRef = 80450CD521B3E06800611C65 /* Coordinator.swift */; };
		80F8DB2921BDC1560051900E /* Exceptions.swift in Sources */ = {isa = PBXBuildFile; fileRef = 8031C15121BCF99D0066394B /* Exceptions.swift */; };
		80F8DB2A21BDC1590051900E /* Navigation.swift in Sources */ = {isa = PBXBuildFile; fileRef = 806114B621BC65090025A598 /* Navigation.swift */; };
		80F8DB2B21BDC15C0051900E /* SwizzleUIViewController.swift in Sources */ = {isa = PBXBuildFile; fileRef = 806114B421BBFB1F0025A598 /* SwizzleUIViewController.swift */; };
		80F8DB2C21BDC1600051900E /* UINavigationViewController+RootViewController.swift in Sources */ = {isa = PBXBuildFile; fileRef = 806114B221BBF1800025A598 /* UINavigationViewController+RootViewController.swift */; };
		80F8DB2D21BDC1630051900E /* UIViewController+Rx.swift in Sources */ = {isa = PBXBuildFile; fileRef = 8031C14F21BCF67F0066394B /* UIViewController+Rx.swift */; };
		80F8DB2E21BDC1660051900E /* ViewModel.swift in Sources */ = {isa = PBXBuildFile; fileRef = 80450CD121B3D02E00611C65 /* ViewModel.swift */; };
		80F8DB2F21BDC1690051900E /* Weak.swift in Sources */ = {isa = PBXBuildFile; fileRef = 806114B821BC6DF00025A598 /* Weak.swift */; };
		80F8DB3021BDC1DF0051900E /* RxSwift.framework in Frameworks */ = {isa = PBXBuildFile; fileRef = 806114BB21BC783A0025A598 /* RxSwift.framework */; };
		80F8DB3121BDC1E30051900E /* RxCocoa.framework in Frameworks */ = {isa = PBXBuildFile; fileRef = 806114BA21BC78390025A598 /* RxCocoa.framework */; };
		80F8DB3221BDC1FB0051900E /* RxCocoa.framework.dSYM in Resources */ = {isa = PBXBuildFile; fileRef = 806114C221BC788A0025A598 /* RxCocoa.framework.dSYM */; };
		80F8DB3321BDC1FE0051900E /* RxSwift.framework.dSYM in Resources */ = {isa = PBXBuildFile; fileRef = 80F8DAF821BD406B0051900E /* RxSwift.framework.dSYM */; };
/* End PBXBuildFile section */

/* Begin PBXContainerItemProxy section */
		80F8DB2121BDC1130051900E /* PBXContainerItemProxy */ = {
			isa = PBXContainerItemProxy;
			containerPortal = 80B6A8082198626F003E868C /* Project object */;
			proxyType = 1;
			remoteGlobalIDString = 80F8DB1B21BDC1130051900E;
			remoteInfo = AppFoundation;
		};
/* End PBXContainerItemProxy section */

/* Begin PBXCopyFilesBuildPhase section */
		806114C021BC783A0025A598 /* Embed Frameworks */ = {
			isa = PBXCopyFilesBuildPhase;
			buildActionMask = 2147483647;
			dstPath = "";
			dstSubfolderSpec = 10;
			files = (
				806114BF21BC783A0025A598 /* RxSwift.framework in Embed Frameworks */,
				806114BD21BC783A0025A598 /* RxCocoa.framework in Embed Frameworks */,
				80F8DB2421BDC1130051900E /* AppFoundation.framework in Embed Frameworks */,
			);
			name = "Embed Frameworks";
			runOnlyForDeploymentPostprocessing = 0;
		};
		806114C121BC78630025A598 /* CopyFiles */ = {
			isa = PBXCopyFilesBuildPhase;
			buildActionMask = 2147483647;
			dstPath = "";
			dstSubfolderSpec = 16;
			files = (
				806114C421BC788B0025A598 /* RxCocoa.framework.dSYM in CopyFiles */,
			);
			runOnlyForDeploymentPostprocessing = 0;
		};
/* End PBXCopyFilesBuildPhase section */

/* Begin PBXFileReference section */
		07292B3421F0BC7B006F0369 /* AsyncCall.swift */ = {isa = PBXFileReference; lastKnownFileType = sourcecode.swift; path = AsyncCall.swift; sourceTree = "<group>"; };
		07292B3621F0D0F3006F0369 /* SupportsLoading.swift */ = {isa = PBXFileReference; lastKnownFileType = sourcecode.swift; path = SupportsLoading.swift; sourceTree = "<group>"; };
		07292B3821F0DB0D006F0369 /* RxSchedulers.swift */ = {isa = PBXFileReference; lastKnownFileType = sourcecode.swift; path = RxSchedulers.swift; sourceTree = "<group>"; };
		07346E6121E8F69B005DCF06 /* OtherStoryboard.storyboard */ = {isa = PBXFileReference; lastKnownFileType = file.storyboard; path = OtherStoryboard.storyboard; sourceTree = "<group>"; };
		07346E6621E8F80E005DCF06 /* FourthViewController.swift */ = {isa = PBXFileReference; lastKnownFileType = sourcecode.swift; path = FourthViewController.swift; sourceTree = "<group>"; };
		07346E6921E8F995005DCF06 /* FourthViewModel.swift */ = {isa = PBXFileReference; lastKnownFileType = sourcecode.swift; path = FourthViewModel.swift; sourceTree = "<group>"; };
		07346E6B21E8FB64005DCF06 /* FourthCoordinator.swift */ = {isa = PBXFileReference; lastKnownFileType = sourcecode.swift; path = FourthCoordinator.swift; sourceTree = "<group>"; };
		0746DC7B21C7E8420052487F /* UIStoryBoardSegueExt.swift */ = {isa = PBXFileReference; lastKnownFileType = sourcecode.swift; path = UIStoryBoardSegueExt.swift; sourceTree = "<group>"; };
		07774E4B21E88C6800CEE0F2 /* FormContracts.swift */ = {isa = PBXFileReference; lastKnownFileType = sourcecode.swift; path = FormContracts.swift; sourceTree = "<group>"; };
		07774E4D21E88CEA00CEE0F2 /* NotEmptyValidationRule.swift */ = {isa = PBXFileReference; lastKnownFileType = sourcecode.swift; path = NotEmptyValidationRule.swift; sourceTree = "<group>"; };
		07774E4F21E88DD100CEE0F2 /* Form.swift */ = {isa = PBXFileReference; lastKnownFileType = sourcecode.swift; path = Form.swift; sourceTree = "<group>"; };
		07774E5121E88E1200CEE0F2 /* FormScreen.swift */ = {isa = PBXFileReference; lastKnownFileType = sourcecode.swift; path = FormScreen.swift; sourceTree = "<group>"; };
		07774E5321E89ECB00CEE0F2 /* Keyboard.swift */ = {isa = PBXFileReference; lastKnownFileType = sourcecode.swift; path = Keyboard.swift; sourceTree = "<group>"; };
		07B9EA1C21C7A15A00571897 /* Localizations.swift */ = {isa = PBXFileReference; lastKnownFileType = sourcecode.swift; path = Localizations.swift; sourceTree = "<group>"; };
		07B9EA2D21C7A30300571897 /* es */ = {isa = PBXFileReference; lastKnownFileType = text.plist.strings; name = es; path = es.lproj/Localizable.strings; sourceTree = "<group>"; };
		07B9EA2E21C7A30C00571897 /* en */ = {isa = PBXFileReference; lastKnownFileType = text.plist.strings; name = en; path = en.lproj/Localizable.strings; sourceTree = "<group>"; };
		07E22EC021C78DF000D2884E /* StyledLabel.swift */ = {isa = PBXFileReference; lastKnownFileType = sourcecode.swift; path = StyledLabel.swift; sourceTree = "<group>"; };
		07E22EC221C78E1000D2884E /* Styles.swift */ = {isa = PBXFileReference; lastKnownFileType = sourcecode.swift; path = Styles.swift; sourceTree = "<group>"; };
		07E22EC521C78F3400D2884E /* StringConvertibleMembers.swift */ = {isa = PBXFileReference; fileEncoding = 4; lastKnownFileType = sourcecode.swift; path = StringConvertibleMembers.swift; sourceTree = "<group>"; };
		07E22EC721C78FBE00D2884E /* Styles.swift */ = {isa = PBXFileReference; lastKnownFileType = sourcecode.swift; path = Styles.swift; sourceTree = "<group>"; };
		07E22ECC21C7938A00D2884E /* StyledButton.swift */ = {isa = PBXFileReference; fileEncoding = 4; lastKnownFileType = sourcecode.swift; path = StyledButton.swift; sourceTree = "<group>"; };
		8031C14F21BCF67F0066394B /* UIViewController+Rx.swift */ = {isa = PBXFileReference; lastKnownFileType = sourcecode.swift; path = "UIViewController+Rx.swift"; sourceTree = "<group>"; };
		8031C15121BCF99D0066394B /* Exceptions.swift */ = {isa = PBXFileReference; lastKnownFileType = sourcecode.swift; path = Exceptions.swift; sourceTree = "<group>"; };
		80450CCB21B3CF5100611C65 /* FirstViewModel.swift */ = {isa = PBXFileReference; lastKnownFileType = sourcecode.swift; path = FirstViewModel.swift; sourceTree = "<group>"; };
		80450CD121B3D02E00611C65 /* ViewModel.swift */ = {isa = PBXFileReference; lastKnownFileType = sourcecode.swift; path = ViewModel.swift; sourceTree = "<group>"; };
		80450CD321B3D9CF00611C65 /* Dependencies.swift */ = {isa = PBXFileReference; lastKnownFileType = sourcecode.swift; path = Dependencies.swift; sourceTree = "<group>"; };
		80450CD521B3E06800611C65 /* Coordinator.swift */ = {isa = PBXFileReference; lastKnownFileType = sourcecode.swift; path = Coordinator.swift; sourceTree = "<group>"; };
		80450CD721B45E8000611C65 /* SecondViewController.swift */ = {isa = PBXFileReference; lastKnownFileType = sourcecode.swift; path = SecondViewController.swift; sourceTree = "<group>"; };
		806114B021BBB2630025A598 /* ThirdViewController.swift */ = {isa = PBXFileReference; lastKnownFileType = sourcecode.swift; path = ThirdViewController.swift; sourceTree = "<group>"; };
		806114B221BBF1800025A598 /* UINavigationViewController+RootViewController.swift */ = {isa = PBXFileReference; lastKnownFileType = sourcecode.swift; path = "UINavigationViewController+RootViewController.swift"; sourceTree = "<group>"; };
		806114B421BBFB1F0025A598 /* SwizzleUIViewController.swift */ = {isa = PBXFileReference; lastKnownFileType = sourcecode.swift; path = SwizzleUIViewController.swift; sourceTree = "<group>"; };
		806114B621BC65090025A598 /* Navigation.swift */ = {isa = PBXFileReference; lastKnownFileType = sourcecode.swift; path = Navigation.swift; sourceTree = "<group>"; };
		806114B821BC6DF00025A598 /* Weak.swift */ = {isa = PBXFileReference; lastKnownFileType = sourcecode.swift; path = Weak.swift; sourceTree = "<group>"; };
		806114BA21BC78390025A598 /* RxCocoa.framework */ = {isa = PBXFileReference; lastKnownFileType = wrapper.framework; name = RxCocoa.framework; path = Carthage/Build/iOS/RxCocoa.framework; sourceTree = "<group>"; };
		806114BB21BC783A0025A598 /* RxSwift.framework */ = {isa = PBXFileReference; lastKnownFileType = wrapper.framework; name = RxSwift.framework; path = Carthage/Build/iOS/RxSwift.framework; sourceTree = "<group>"; };
		806114C221BC788A0025A598 /* RxCocoa.framework.dSYM */ = {isa = PBXFileReference; lastKnownFileType = wrapper.dsym; name = RxCocoa.framework.dSYM; path = Carthage/Build/iOS/RxCocoa.framework.dSYM; sourceTree = "<group>"; };
		80B6A81021986270003E868C /* AppFoundationExample.app */ = {isa = PBXFileReference; explicitFileType = wrapper.application; includeInIndex = 0; path = AppFoundationExample.app; sourceTree = BUILT_PRODUCTS_DIR; };
		80B6A81321986270003E868C /* AppDelegate.swift */ = {isa = PBXFileReference; lastKnownFileType = sourcecode.swift; path = AppDelegate.swift; sourceTree = "<group>"; };
		80B6A81521986270003E868C /* FirstViewController.swift */ = {isa = PBXFileReference; lastKnownFileType = sourcecode.swift; path = FirstViewController.swift; sourceTree = "<group>"; };
		80B6A81821986270003E868C /* Base */ = {isa = PBXFileReference; lastKnownFileType = file.storyboard; name = Base; path = Base.lproj/Main.storyboard; sourceTree = "<group>"; };
		80B6A81A21986275003E868C /* Assets.xcassets */ = {isa = PBXFileReference; lastKnownFileType = folder.assetcatalog; path = Assets.xcassets; sourceTree = "<group>"; };
		80B6A81D21986275003E868C /* Base */ = {isa = PBXFileReference; lastKnownFileType = file.storyboard; name = Base; path = Base.lproj/LaunchScreen.storyboard; sourceTree = "<group>"; };
		80B6A81F21986275003E868C /* Info.plist */ = {isa = PBXFileReference; lastKnownFileType = text.plist.xml; path = Info.plist; sourceTree = "<group>"; };
		80F8DAF821BD406B0051900E /* RxSwift.framework.dSYM */ = {isa = PBXFileReference; lastKnownFileType = wrapper.dsym; name = RxSwift.framework.dSYM; path = Carthage/Build/iOS/RxSwift.framework.dSYM; sourceTree = "<group>"; };
		80F8DB0821BD97FA0051900E /* FirstCoordinator.swift */ = {isa = PBXFileReference; lastKnownFileType = sourcecode.swift; path = FirstCoordinator.swift; sourceTree = "<group>"; };
		80F8DB0A21BD98600051900E /* Contracts.swift */ = {isa = PBXFileReference; lastKnownFileType = sourcecode.swift; path = Contracts.swift; sourceTree = "<group>"; };
		80F8DB0C21BDA2720051900E /* SecondViewModel.swift */ = {isa = PBXFileReference; lastKnownFileType = sourcecode.swift; path = SecondViewModel.swift; sourceTree = "<group>"; };
		80F8DB0E21BDA2ED0051900E /* SecondCoordinator.swift */ = {isa = PBXFileReference; lastKnownFileType = sourcecode.swift; path = SecondCoordinator.swift; sourceTree = "<group>"; };
		80F8DB1321BDA3A90051900E /* ThirdViewModel.swift */ = {isa = PBXFileReference; lastKnownFileType = sourcecode.swift; path = ThirdViewModel.swift; sourceTree = "<group>"; };
		80F8DB1521BDA4580051900E /* ThirdCoordinator.swift */ = {isa = PBXFileReference; lastKnownFileType = sourcecode.swift; path = ThirdCoordinator.swift; sourceTree = "<group>"; };
		80F8DB1C21BDC1130051900E /* AppFoundation.framework */ = {isa = PBXFileReference; explicitFileType = wrapper.framework; includeInIndex = 0; path = AppFoundation.framework; sourceTree = BUILT_PRODUCTS_DIR; };
		80F8DB1E21BDC1130051900E /* AppFoundation.h */ = {isa = PBXFileReference; lastKnownFileType = sourcecode.c.h; path = AppFoundation.h; sourceTree = "<group>"; };
		80F8DB1F21BDC1130051900E /* Info.plist */ = {isa = PBXFileReference; lastKnownFileType = text.plist.xml; path = Info.plist; sourceTree = "<group>"; };
/* End PBXFileReference section */

/* Begin PBXFrameworksBuildPhase section */
		80B6A80D2198626F003E868C /* Frameworks */ = {
			isa = PBXFrameworksBuildPhase;
			buildActionMask = 2147483647;
			files = (
				806114BE21BC783A0025A598 /* RxSwift.framework in Frameworks */,
				806114BC21BC783A0025A598 /* RxCocoa.framework in Frameworks */,
				80F8DB2321BDC1130051900E /* AppFoundation.framework in Frameworks */,
			);
			runOnlyForDeploymentPostprocessing = 0;
		};
		80F8DB1921BDC1130051900E /* Frameworks */ = {
			isa = PBXFrameworksBuildPhase;
			buildActionMask = 2147483647;
			files = (
				80F8DB3021BDC1DF0051900E /* RxSwift.framework in Frameworks */,
				80F8DB3121BDC1E30051900E /* RxCocoa.framework in Frameworks */,
			);
			runOnlyForDeploymentPostprocessing = 0;
		};
/* End PBXFrameworksBuildPhase section */

/* Begin PBXGroup section */
		071EED8421BF9C010079AEEB /* Core */ = {
			isa = PBXGroup;
			children = (
				80450CD521B3E06800611C65 /* Coordinator.swift */,
				8031C15121BCF99D0066394B /* Exceptions.swift */,
				806114B621BC65090025A598 /* Navigation.swift */,
				806114B421BBFB1F0025A598 /* SwizzleUIViewController.swift */,
				806114B221BBF1800025A598 /* UINavigationViewController+RootViewController.swift */,
				8031C14F21BCF67F0066394B /* UIViewController+Rx.swift */,
				80450CD121B3D02E00611C65 /* ViewModel.swift */,
				806114B821BC6DF00025A598 /* Weak.swift */,
			);
			path = Core;
			sourceTree = "<group>";
		};
		07292B3321F0BC3C006F0369 /* Async Call Handling */ = {
			isa = PBXGroup;
			children = (
				07292B3421F0BC7B006F0369 /* AsyncCall.swift */,
				07292B3621F0D0F3006F0369 /* SupportsLoading.swift */,
			);
			path = "Async Call Handling";
			sourceTree = "<group>";
		};
		07346E6321E8F6D8005DCF06 /* Fourth Screen */ = {
			isa = PBXGroup;
			children = (
				07346E6621E8F80E005DCF06 /* FourthViewController.swift */,
				07346E6921E8F995005DCF06 /* FourthViewModel.swift */,
				07346E6B21E8FB64005DCF06 /* FourthCoordinator.swift */,
			);
			path = "Fourth Screen";
			sourceTree = "<group>";
		};
		07774E4A21E88C5300CEE0F2 /* Forms */ = {
			isa = PBXGroup;
			children = (
				07774E4F21E88DD100CEE0F2 /* Form.swift */,
				07774E4B21E88C6800CEE0F2 /* FormContracts.swift */,
				07774E5121E88E1200CEE0F2 /* FormScreen.swift */,
				07774E4D21E88CEA00CEE0F2 /* NotEmptyValidationRule.swift */,
			);
			path = Forms;
			sourceTree = "<group>";
		};
		07B9EA2121C7A2BD00571897 /* Localizations */ = {
			isa = PBXGroup;
			children = (
				07B9EA2C21C7A30000571897 /* Localizable.strings */,
			);
			path = Localizations;
			sourceTree = "<group>";
		};
		07E22EBF21C78DD200D2884E /* Styles */ = {
			isa = PBXGroup;
			children = (
				07E22ECC21C7938A00D2884E /* StyledButton.swift */,
				07E22EC021C78DF000D2884E /* StyledLabel.swift */,
				07E22EC221C78E1000D2884E /* Styles.swift */,
			);
			path = Styles;
			sourceTree = "<group>";
		};
		07E22EC421C78F3400D2884E /* Utils */ = {
			isa = PBXGroup;
			children = (
				07774E5321E89ECB00CEE0F2 /* Keyboard.swift */,
				07B9EA1C21C7A15A00571897 /* Localizations.swift */,
				07292B3821F0DB0D006F0369 /* RxSchedulers.swift */,
				07E22EC521C78F3400D2884E /* StringConvertibleMembers.swift */,
				0746DC7B21C7E8420052487F /* UIStoryBoardSegueExt.swift */,
			);
			path = Utils;
			sourceTree = "<group>";
		};
		80450CCA21B3CD2A00611C65 /* Screens */ = {
			isa = PBXGroup;
			children = (
				80F8DB0A21BD98600051900E /* Contracts.swift */,
				80450CD321B3D9CF00611C65 /* Dependencies.swift */,
				07E22EC721C78FBE00D2884E /* Styles.swift */,
				80F8DB1021BDA3670051900E /* First Screen */,
				80F8DB1121BDA3790051900E /* Second Screen */,
				80F8DB1221BDA38C0051900E /* Third Screen */,
				07346E6321E8F6D8005DCF06 /* Fourth Screen */,
			);
			path = Screens;
			sourceTree = "<group>";
		};
		80B6A8072198626F003E868C = {
			isa = PBXGroup;
			children = (
				806114C221BC788A0025A598 /* RxCocoa.framework.dSYM */,
				80F8DAF821BD406B0051900E /* RxSwift.framework.dSYM */,
				806114BA21BC78390025A598 /* RxCocoa.framework */,
				806114BB21BC783A0025A598 /* RxSwift.framework */,
				80B6A81221986270003E868C /* AppFoundation */,
				80F8DB0721BD97AF0051900E /* Example */,
				80B6A81121986270003E868C /* Products */,
				80F8DAF421BD40490051900E /* Frameworks */,
			);
			sourceTree = "<group>";
		};
		80B6A81121986270003E868C /* Products */ = {
			isa = PBXGroup;
			children = (
				80B6A81021986270003E868C /* AppFoundationExample.app */,
				80F8DB1C21BDC1130051900E /* AppFoundation.framework */,
			);
			name = Products;
			sourceTree = "<group>";
		};
		80B6A81221986270003E868C /* AppFoundation */ = {
			isa = PBXGroup;
			children = (
				80F8DB1E21BDC1130051900E /* AppFoundation.h */,
				80F8DB1F21BDC1130051900E /* Info.plist */,
				07292B3321F0BC3C006F0369 /* Async Call Handling */,
				071EED8421BF9C010079AEEB /* Core */,
				07774E4A21E88C5300CEE0F2 /* Forms */,
				07E22EBF21C78DD200D2884E /* Styles */,
				07E22EC421C78F3400D2884E /* Utils */,
			);
			path = AppFoundation;
			sourceTree = "<group>";
		};
		80F8DAF421BD40490051900E /* Frameworks */ = {
			isa = PBXGroup;
			children = (
			);
			name = Frameworks;
			sourceTree = "<group>";
		};
		80F8DB0721BD97AF0051900E /* Example */ = {
			isa = PBXGroup;
			children = (
				07B9EA2121C7A2BD00571897 /* Localizations */,
				80B6A81321986270003E868C /* AppDelegate.swift */,
				80B6A81F21986275003E868C /* Info.plist */,
				80B6A81A21986275003E868C /* Assets.xcassets */,
				80B6A81C21986275003E868C /* LaunchScreen.storyboard */,
				80B6A81721986270003E868C /* Main.storyboard */,
				07346E6121E8F69B005DCF06 /* OtherStoryboard.storyboard */,
				80450CCA21B3CD2A00611C65 /* Screens */,
			);
			path = Example;
			sourceTree = "<group>";
		};
		80F8DB1021BDA3670051900E /* First Screen */ = {
			isa = PBXGroup;
			children = (
				80F8DB0821BD97FA0051900E /* FirstCoordinator.swift */,
				80B6A81521986270003E868C /* FirstViewController.swift */,
				80450CCB21B3CF5100611C65 /* FirstViewModel.swift */,
			);
			path = "First Screen";
			sourceTree = "<group>";
		};
		80F8DB1121BDA3790051900E /* Second Screen */ = {
			isa = PBXGroup;
			children = (
				80F8DB0E21BDA2ED0051900E /* SecondCoordinator.swift */,
				80450CD721B45E8000611C65 /* SecondViewController.swift */,
				80F8DB0C21BDA2720051900E /* SecondViewModel.swift */,
			);
			path = "Second Screen";
			sourceTree = "<group>";
		};
		80F8DB1221BDA38C0051900E /* Third Screen */ = {
			isa = PBXGroup;
			children = (
				80F8DB1521BDA4580051900E /* ThirdCoordinator.swift */,
				806114B021BBB2630025A598 /* ThirdViewController.swift */,
				80F8DB1321BDA3A90051900E /* ThirdViewModel.swift */,
			);
			path = "Third Screen";
			sourceTree = "<group>";
		};
/* End PBXGroup section */

/* Begin PBXHeadersBuildPhase section */
		80F8DB1721BDC1130051900E /* Headers */ = {
			isa = PBXHeadersBuildPhase;
			buildActionMask = 2147483647;
			files = (
				80F8DB2021BDC1130051900E /* AppFoundation.h in Headers */,
			);
			runOnlyForDeploymentPostprocessing = 0;
		};
/* End PBXHeadersBuildPhase section */

/* Begin PBXNativeTarget section */
		80B6A80F2198626F003E868C /* AppFoundationExample */ = {
			isa = PBXNativeTarget;
			buildConfigurationList = 80B6A82221986275003E868C /* Build configuration list for PBXNativeTarget "AppFoundationExample" */;
			buildPhases = (
				80B6A80C2198626F003E868C /* Sources */,
				80B6A80D2198626F003E868C /* Frameworks */,
				80B6A80E2198626F003E868C /* Resources */,
				806114C021BC783A0025A598 /* Embed Frameworks */,
				806114C121BC78630025A598 /* CopyFiles */,
			);
			buildRules = (
			);
			dependencies = (
				80F8DB2221BDC1130051900E /* PBXTargetDependency */,
			);
			name = AppFoundationExample;
			productName = ArchTest;
			productReference = 80B6A81021986270003E868C /* AppFoundationExample.app */;
			productType = "com.apple.product-type.application";
		};
		80F8DB1B21BDC1130051900E /* AppFoundation */ = {
			isa = PBXNativeTarget;
			buildConfigurationList = 80F8DB2521BDC1130051900E /* Build configuration list for PBXNativeTarget "AppFoundation" */;
			buildPhases = (
				80F8DB1721BDC1130051900E /* Headers */,
				80F8DB1821BDC1130051900E /* Sources */,
				80F8DB1921BDC1130051900E /* Frameworks */,
				80F8DB1A21BDC1130051900E /* Resources */,
			);
			buildRules = (
			);
			dependencies = (
			);
			name = AppFoundation;
			productName = AppFoundation;
			productReference = 80F8DB1C21BDC1130051900E /* AppFoundation.framework */;
			productType = "com.apple.product-type.framework";
		};
/* End PBXNativeTarget section */

/* Begin PBXProject section */
		80B6A8082198626F003E868C /* Project object */ = {
			isa = PBXProject;
			attributes = {
				LastSwiftUpdateCheck = 1010;
				LastUpgradeCheck = 1010;
				ORGANIZATIONNAME = "";
				TargetAttributes = {
					80B6A80F2198626F003E868C = {
						CreatedOnToolsVersion = 10.1;
					};
					80F8DB1B21BDC1130051900E = {
						CreatedOnToolsVersion = 10.1;
					};
				};
			};
			buildConfigurationList = 80B6A80B2198626F003E868C /* Build configuration list for PBXProject "AppFoundation" */;
			compatibilityVersion = "Xcode 9.3";
			developmentRegion = en;
			hasScannedForEncodings = 0;
			knownRegions = (
				en,
				Base,
				es,
			);
			mainGroup = 80B6A8072198626F003E868C;
			productRefGroup = 80B6A81121986270003E868C /* Products */;
			projectDirPath = "";
			projectRoot = "";
			targets = (
				80B6A80F2198626F003E868C /* AppFoundationExample */,
				80F8DB1B21BDC1130051900E /* AppFoundation */,
			);
		};
/* End PBXProject section */

/* Begin PBXResourcesBuildPhase section */
		80B6A80E2198626F003E868C /* Resources */ = {
			isa = PBXResourcesBuildPhase;
			buildActionMask = 2147483647;
			files = (
				80B6A81E21986275003E868C /* LaunchScreen.storyboard in Resources */,
				07346E6221E8F69B005DCF06 /* OtherStoryboard.storyboard in Resources */,
				07B9EA2A21C7A30000571897 /* Localizable.strings in Resources */,
				80B6A81B21986275003E868C /* Assets.xcassets in Resources */,
				80B6A81921986270003E868C /* Main.storyboard in Resources */,
			);
			runOnlyForDeploymentPostprocessing = 0;
		};
		80F8DB1A21BDC1130051900E /* Resources */ = {
			isa = PBXResourcesBuildPhase;
			buildActionMask = 2147483647;
			files = (
				80F8DB3221BDC1FB0051900E /* RxCocoa.framework.dSYM in Resources */,
				80F8DB3321BDC1FE0051900E /* RxSwift.framework.dSYM in Resources */,
			);
			runOnlyForDeploymentPostprocessing = 0;
		};
/* End PBXResourcesBuildPhase section */

/* Begin PBXSourcesBuildPhase section */
		80B6A80C2198626F003E868C /* Sources */ = {
			isa = PBXSourcesBuildPhase;
			buildActionMask = 2147483647;
			files = (
				80F8DB0921BD97FA0051900E /* FirstCoordinator.swift in Sources */,
				80F8DB0D21BDA2720051900E /* SecondViewModel.swift in Sources */,
				07E22EC921C78FFA00D2884E /* Styles.swift in Sources */,
				07B9EA1B21C79F9600571897 /* Dependencies.swift in Sources */,
				80450CD821B45E8000611C65 /* SecondViewController.swift in Sources */,
				806114B121BBB2630025A598 /* ThirdViewController.swift in Sources */,
				80F8DB1621BDA4580051900E /* ThirdCoordinator.swift in Sources */,
				80F8DB0B21BD98600051900E /* Contracts.swift in Sources */,
				80450CCC21B3CF5100611C65 /* FirstViewModel.swift in Sources */,
				80B6A81621986270003E868C /* FirstViewController.swift in Sources */,
				07346E6821E8F875005DCF06 /* FourthViewController.swift in Sources */,
				80F8DB0F21BDA2ED0051900E /* SecondCoordinator.swift in Sources */,
				80F8DB1421BDA3A90051900E /* ThirdViewModel.swift in Sources */,
				80B6A81421986270003E868C /* AppDelegate.swift in Sources */,
				07346E6C21E8FB64005DCF06 /* FourthCoordinator.swift in Sources */,
				07346E6A21E8F995005DCF06 /* FourthViewModel.swift in Sources */,
			);
			runOnlyForDeploymentPostprocessing = 0;
		};
		80F8DB1821BDC1130051900E /* Sources */ = {
			isa = PBXSourcesBuildPhase;
			buildActionMask = 2147483647;
			files = (
				07292B3521F0BC7B006F0369 /* AsyncCall.swift in Sources */,
				07292B3921F0DB0D006F0369 /* RxSchedulers.swift in Sources */,
				80F8DB2A21BDC1590051900E /* Navigation.swift in Sources */,
				80F8DB2B21BDC15C0051900E /* SwizzleUIViewController.swift in Sources */,
				07774E4C21E88C6800CEE0F2 /* FormContracts.swift in Sources */,
				07E22EC621C78F3400D2884E /* StringConvertibleMembers.swift in Sources */,
				80F8DB2821BDC1510051900E /* Coordinator.swift in Sources */,
				80F8DB2C21BDC1600051900E /* UINavigationViewController+RootViewController.swift in Sources */,
				07774E5021E88DD100CEE0F2 /* Form.swift in Sources */,
				07E22EC121C78DF000D2884E /* StyledLabel.swift in Sources */,
				07E22ECD21C7938A00D2884E /* StyledButton.swift in Sources */,
				07774E5421E89ECB00CEE0F2 /* Keyboard.swift in Sources */,
				07774E5221E88E1200CEE0F2 /* FormScreen.swift in Sources */,
				80F8DB2D21BDC1630051900E /* UIViewController+Rx.swift in Sources */,
				07292B3721F0D0F3006F0369 /* SupportsLoading.swift in Sources */,
				80F8DB2F21BDC1690051900E /* Weak.swift in Sources */,
				07774E4E21E88CEA00CEE0F2 /* NotEmptyValidationRule.swift in Sources */,
				80F8DB2921BDC1560051900E /* Exceptions.swift in Sources */,
				07B9EA1D21C7A15A00571897 /* Localizations.swift in Sources */,
				80F8DB2E21BDC1660051900E /* ViewModel.swift in Sources */,
				0746DC7C21C7E8420052487F /* UIStoryBoardSegueExt.swift in Sources */,
				07E22EC321C78E1000D2884E /* Styles.swift in Sources */,
			);
			runOnlyForDeploymentPostprocessing = 0;
		};
/* End PBXSourcesBuildPhase section */

/* Begin PBXTargetDependency section */
		80F8DB2221BDC1130051900E /* PBXTargetDependency */ = {
			isa = PBXTargetDependency;
			target = 80F8DB1B21BDC1130051900E /* AppFoundation */;
			targetProxy = 80F8DB2121BDC1130051900E /* PBXContainerItemProxy */;
		};
/* End PBXTargetDependency section */

/* Begin PBXVariantGroup section */
		07B9EA2C21C7A30000571897 /* Localizable.strings */ = {
			isa = PBXVariantGroup;
			children = (
				07B9EA2D21C7A30300571897 /* es */,
				07B9EA2E21C7A30C00571897 /* en */,
			);
			name = Localizable.strings;
			sourceTree = "<group>";
		};
		80B6A81721986270003E868C /* Main.storyboard */ = {
			isa = PBXVariantGroup;
			children = (
				80B6A81821986270003E868C /* Base */,
			);
			name = Main.storyboard;
			sourceTree = "<group>";
		};
		80B6A81C21986275003E868C /* LaunchScreen.storyboard */ = {
			isa = PBXVariantGroup;
			children = (
				80B6A81D21986275003E868C /* Base */,
			);
			name = LaunchScreen.storyboard;
			sourceTree = "<group>";
		};
/* End PBXVariantGroup section */

/* Begin XCBuildConfiguration section */
		80B6A82021986275003E868C /* Debug */ = {
			isa = XCBuildConfiguration;
			buildSettings = {
				ALWAYS_SEARCH_USER_PATHS = NO;
				CLANG_ANALYZER_LOCALIZABILITY_NONLOCALIZED = YES;
				CLANG_ANALYZER_NONNULL = YES;
				CLANG_ANALYZER_NUMBER_OBJECT_CONVERSION = YES_AGGRESSIVE;
				CLANG_CXX_LANGUAGE_STANDARD = "gnu++14";
				CLANG_CXX_LIBRARY = "libc++";
				CLANG_ENABLE_MODULES = YES;
				CLANG_ENABLE_OBJC_ARC = YES;
				CLANG_ENABLE_OBJC_WEAK = YES;
				CLANG_WARN_BLOCK_CAPTURE_AUTORELEASING = YES;
				CLANG_WARN_BOOL_CONVERSION = YES;
				CLANG_WARN_COMMA = YES;
				CLANG_WARN_CONSTANT_CONVERSION = YES;
				CLANG_WARN_DEPRECATED_OBJC_IMPLEMENTATIONS = YES;
				CLANG_WARN_DIRECT_OBJC_ISA_USAGE = YES_ERROR;
				CLANG_WARN_DOCUMENTATION_COMMENTS = YES;
				CLANG_WARN_EMPTY_BODY = YES;
				CLANG_WARN_ENUM_CONVERSION = YES;
				CLANG_WARN_INFINITE_RECURSION = YES;
				CLANG_WARN_INT_CONVERSION = YES;
				CLANG_WARN_NON_LITERAL_NULL_CONVERSION = YES;
				CLANG_WARN_OBJC_IMPLICIT_RETAIN_SELF = YES;
				CLANG_WARN_OBJC_LITERAL_CONVERSION = YES;
				CLANG_WARN_OBJC_ROOT_CLASS = YES_ERROR;
				CLANG_WARN_RANGE_LOOP_ANALYSIS = YES;
				CLANG_WARN_STRICT_PROTOTYPES = YES;
				CLANG_WARN_SUSPICIOUS_MOVE = YES;
				CLANG_WARN_UNGUARDED_AVAILABILITY = YES_AGGRESSIVE;
				CLANG_WARN_UNREACHABLE_CODE = YES;
				CLANG_WARN__DUPLICATE_METHOD_MATCH = YES;
				CODE_SIGN_IDENTITY = "iPhone Developer";
				COPY_PHASE_STRIP = NO;
				DEBUG_INFORMATION_FORMAT = dwarf;
				ENABLE_STRICT_OBJC_MSGSEND = YES;
				ENABLE_TESTABILITY = YES;
				GCC_C_LANGUAGE_STANDARD = gnu11;
				GCC_DYNAMIC_NO_PIC = NO;
				GCC_NO_COMMON_BLOCKS = YES;
				GCC_OPTIMIZATION_LEVEL = 0;
				GCC_PREPROCESSOR_DEFINITIONS = (
					"DEBUG=1",
					"$(inherited)",
				);
				GCC_WARN_64_TO_32_BIT_CONVERSION = YES;
				GCC_WARN_ABOUT_RETURN_TYPE = YES_ERROR;
				GCC_WARN_UNDECLARED_SELECTOR = YES;
				GCC_WARN_UNINITIALIZED_AUTOS = YES_AGGRESSIVE;
				GCC_WARN_UNUSED_FUNCTION = YES;
				GCC_WARN_UNUSED_VARIABLE = YES;
				IPHONEOS_DEPLOYMENT_TARGET = 11.0;
				MTL_ENABLE_DEBUG_INFO = INCLUDE_SOURCE;
				MTL_FAST_MATH = YES;
				ONLY_ACTIVE_ARCH = YES;
				SDKROOT = iphoneos;
				SWIFT_ACTIVE_COMPILATION_CONDITIONS = DEBUG;
				SWIFT_OPTIMIZATION_LEVEL = "-Onone";
			};
			name = Debug;
		};
		80B6A82121986275003E868C /* Release */ = {
			isa = XCBuildConfiguration;
			buildSettings = {
				ALWAYS_SEARCH_USER_PATHS = NO;
				CLANG_ANALYZER_LOCALIZABILITY_NONLOCALIZED = YES;
				CLANG_ANALYZER_NONNULL = YES;
				CLANG_ANALYZER_NUMBER_OBJECT_CONVERSION = YES_AGGRESSIVE;
				CLANG_CXX_LANGUAGE_STANDARD = "gnu++14";
				CLANG_CXX_LIBRARY = "libc++";
				CLANG_ENABLE_MODULES = YES;
				CLANG_ENABLE_OBJC_ARC = YES;
				CLANG_ENABLE_OBJC_WEAK = YES;
				CLANG_WARN_BLOCK_CAPTURE_AUTORELEASING = YES;
				CLANG_WARN_BOOL_CONVERSION = YES;
				CLANG_WARN_COMMA = YES;
				CLANG_WARN_CONSTANT_CONVERSION = YES;
				CLANG_WARN_DEPRECATED_OBJC_IMPLEMENTATIONS = YES;
				CLANG_WARN_DIRECT_OBJC_ISA_USAGE = YES_ERROR;
				CLANG_WARN_DOCUMENTATION_COMMENTS = YES;
				CLANG_WARN_EMPTY_BODY = YES;
				CLANG_WARN_ENUM_CONVERSION = YES;
				CLANG_WARN_INFINITE_RECURSION = YES;
				CLANG_WARN_INT_CONVERSION = YES;
				CLANG_WARN_NON_LITERAL_NULL_CONVERSION = YES;
				CLANG_WARN_OBJC_IMPLICIT_RETAIN_SELF = YES;
				CLANG_WARN_OBJC_LITERAL_CONVERSION = YES;
				CLANG_WARN_OBJC_ROOT_CLASS = YES_ERROR;
				CLANG_WARN_RANGE_LOOP_ANALYSIS = YES;
				CLANG_WARN_STRICT_PROTOTYPES = YES;
				CLANG_WARN_SUSPICIOUS_MOVE = YES;
				CLANG_WARN_UNGUARDED_AVAILABILITY = YES_AGGRESSIVE;
				CLANG_WARN_UNREACHABLE_CODE = YES;
				CLANG_WARN__DUPLICATE_METHOD_MATCH = YES;
				CODE_SIGN_IDENTITY = "iPhone Developer";
				COPY_PHASE_STRIP = NO;
				DEBUG_INFORMATION_FORMAT = "dwarf-with-dsym";
				ENABLE_NS_ASSERTIONS = NO;
				ENABLE_STRICT_OBJC_MSGSEND = YES;
				GCC_C_LANGUAGE_STANDARD = gnu11;
				GCC_NO_COMMON_BLOCKS = YES;
				GCC_WARN_64_TO_32_BIT_CONVERSION = YES;
				GCC_WARN_ABOUT_RETURN_TYPE = YES_ERROR;
				GCC_WARN_UNDECLARED_SELECTOR = YES;
				GCC_WARN_UNINITIALIZED_AUTOS = YES_AGGRESSIVE;
				GCC_WARN_UNUSED_FUNCTION = YES;
				GCC_WARN_UNUSED_VARIABLE = YES;
				IPHONEOS_DEPLOYMENT_TARGET = 11.0;
				MTL_ENABLE_DEBUG_INFO = NO;
				MTL_FAST_MATH = YES;
				SDKROOT = iphoneos;
				SWIFT_COMPILATION_MODE = wholemodule;
				SWIFT_OPTIMIZATION_LEVEL = "-O";
				VALIDATE_PRODUCT = YES;
			};
			name = Release;
		};
		80B6A82321986275003E868C /* Debug */ = {
			isa = XCBuildConfiguration;
			buildSettings = {
				ALWAYS_EMBED_SWIFT_STANDARD_LIBRARIES = YES;
				ASSETCATALOG_COMPILER_APPICON_NAME = AppIcon;
				CODE_SIGN_STYLE = Automatic;
				FRAMEWORK_SEARCH_PATHS = (
					"$(inherited)",
					"$(PROJECT_DIR)/Carthage/Build/iOS",
				);
				INFOPLIST_FILE = Example/Info.plist;
				LD_RUNPATH_SEARCH_PATHS = (
					"$(inherited)",
					"@executable_path/Frameworks",
				);
				PRODUCT_BUNDLE_IDENTIFIER = com.lukas1.AppFoundationExample;
				PRODUCT_NAME = "$(TARGET_NAME)";
				SWIFT_VERSION = 4.2;
				TARGETED_DEVICE_FAMILY = "1,2";
			};
			name = Debug;
		};
		80B6A82421986275003E868C /* Release */ = {
			isa = XCBuildConfiguration;
			buildSettings = {
				ALWAYS_EMBED_SWIFT_STANDARD_LIBRARIES = YES;
				ASSETCATALOG_COMPILER_APPICON_NAME = AppIcon;
				CODE_SIGN_STYLE = Automatic;
				FRAMEWORK_SEARCH_PATHS = (
					"$(inherited)",
					"$(PROJECT_DIR)/Carthage/Build/iOS",
				);
				INFOPLIST_FILE = Example/Info.plist;
				LD_RUNPATH_SEARCH_PATHS = (
					"$(inherited)",
					"@executable_path/Frameworks",
				);
				PRODUCT_BUNDLE_IDENTIFIER = com.lukas1.AppFoundationExample;
				PRODUCT_NAME = "$(TARGET_NAME)";
				SWIFT_VERSION = 4.2;
				TARGETED_DEVICE_FAMILY = "1,2";
			};
			name = Release;
		};
		80F8DB2621BDC1130051900E /* Debug */ = {
			isa = XCBuildConfiguration;
			buildSettings = {
				CODE_SIGN_IDENTITY = "";
				CODE_SIGN_STYLE = Automatic;
				CURRENT_PROJECT_VERSION = 1;
				DEFINES_MODULE = YES;
				DYLIB_COMPATIBILITY_VERSION = 1;
				DYLIB_CURRENT_VERSION = 1;
				DYLIB_INSTALL_NAME_BASE = "@rpath";
				FRAMEWORK_SEARCH_PATHS = (
					"$(inherited)",
					"$(PROJECT_DIR)/Carthage/Build/iOS",
				);
				INFOPLIST_FILE = AppFoundation/Info.plist;
				INSTALL_PATH = "$(LOCAL_LIBRARY_DIR)/Frameworks";
				LD_RUNPATH_SEARCH_PATHS = (
					"$(inherited)",
					"@executable_path/Frameworks",
					"@loader_path/Frameworks",
				);
				PRODUCT_BUNDLE_IDENTIFIER = com.lukas1.AppFoundation;
				PRODUCT_NAME = "$(TARGET_NAME:c99extidentifier)";
				SKIP_INSTALL = YES;
				SWIFT_VERSION = 4.2;
				TARGETED_DEVICE_FAMILY = "1,2";
				VERSIONING_SYSTEM = "apple-generic";
				VERSION_INFO_PREFIX = "";
			};
			name = Debug;
		};
		80F8DB2721BDC1130051900E /* Release */ = {
			isa = XCBuildConfiguration;
			buildSettings = {
				CODE_SIGN_IDENTITY = "";
				CODE_SIGN_STYLE = Automatic;
				CURRENT_PROJECT_VERSION = 1;
				DEFINES_MODULE = YES;
				DYLIB_COMPATIBILITY_VERSION = 1;
				DYLIB_CURRENT_VERSION = 1;
				DYLIB_INSTALL_NAME_BASE = "@rpath";
				FRAMEWORK_SEARCH_PATHS = (
					"$(inherited)",
					"$(PROJECT_DIR)/Carthage/Build/iOS",
				);
				INFOPLIST_FILE = AppFoundation/Info.plist;
				INSTALL_PATH = "$(LOCAL_LIBRARY_DIR)/Frameworks";
				LD_RUNPATH_SEARCH_PATHS = (
					"$(inherited)",
					"@executable_path/Frameworks",
					"@loader_path/Frameworks",
				);
				PRODUCT_BUNDLE_IDENTIFIER = com.lukas1.AppFoundation;
				PRODUCT_NAME = "$(TARGET_NAME:c99extidentifier)";
				SKIP_INSTALL = YES;
				SWIFT_VERSION = 4.2;
				TARGETED_DEVICE_FAMILY = "1,2";
				VERSIONING_SYSTEM = "apple-generic";
				VERSION_INFO_PREFIX = "";
			};
			name = Release;
		};
/* End XCBuildConfiguration section */

/* Begin XCConfigurationList section */
		80B6A80B2198626F003E868C /* Build configuration list for PBXProject "AppFoundation" */ = {
			isa = XCConfigurationList;
			buildConfigurations = (
				80B6A82021986275003E868C /* Debug */,
				80B6A82121986275003E868C /* Release */,
			);
			defaultConfigurationIsVisible = 0;
			defaultConfigurationName = Release;
		};
		80B6A82221986275003E868C /* Build configuration list for PBXNativeTarget "AppFoundationExample" */ = {
			isa = XCConfigurationList;
			buildConfigurations = (
				80B6A82321986275003E868C /* Debug */,
				80B6A82421986275003E868C /* Release */,
			);
			defaultConfigurationIsVisible = 0;
			defaultConfigurationName = Release;
		};
		80F8DB2521BDC1130051900E /* Build configuration list for PBXNativeTarget "AppFoundation" */ = {
			isa = XCConfigurationList;
			buildConfigurations = (
				80F8DB2621BDC1130051900E /* Debug */,
				80F8DB2721BDC1130051900E /* Release */,
			);
			defaultConfigurationIsVisible = 0;
			defaultConfigurationName = Release;
		};
/* End XCConfigurationList section */
	};
	rootObject = 80B6A8082198626F003E868C /* Project object */;
}
